<?xml version="1.0" encoding="utf-8"?>
<Project ToolsVersion="4.0" xmlns="http://schemas.microsoft.com/developer/msbuild/2003">
  <ItemGroup>
    <Filter Include="Content">
      <UniqueIdentifier>{679067d0-5faf-479b-8251-c4fb2fad47ad}</UniqueIdentifier>
    </Filter>
    <Filter Include="Main">
      <UniqueIdentifier>{4FC737F1-C7A5-4376-A066-2A32D752A2FF}</UniqueIdentifier>
      <Extensions>cpp;c;cc;cxx;def;odl;idl;hpj;bat;asm;asmx</Extensions>
    </Filter>
    <Filter Include="Managers">
      <UniqueIdentifier>{93995380-89BD-4b04-88EB-625FBE52EBFB}</UniqueIdentifier>
      <Extensions>h;hh;hpp;hxx;hm;inl;inc;xsd</Extensions>
    </Filter>
    <Filter Include="Components">
      <UniqueIdentifier>{c6f8ecea-0220-4c32-a97c-9911b0346933}</UniqueIdentifier>
    </Filter>
    <Filter Include="Components\ColliderComponents">
      <UniqueIdentifier>{dca7b114-4aca-4320-ac20-d1f9d143a4d5}</UniqueIdentifier>
    </Filter>
    <Filter Include="Content\Input">
      <UniqueIdentifier>{707feb30-7f1d-4d14-9e70-a6d2bbc4ef9e}</UniqueIdentifier>
    </Filter>
    <Filter Include="Imgui">
      <UniqueIdentifier>{7e5de528-96f0-4d81-878f-f457df48c146}</UniqueIdentifier>
    </Filter>
    <Filter Include="Main\Resource Files">
      <UniqueIdentifier>{67DA6AB6-F800-4c08-8B7A-83BB121AAD01}</UniqueIdentifier>
      <Extensions>rc;ico;cur;bmp;dlg;rc2;rct;bin;rgs;gif;jpg;jpeg;jpe;resx;tiff;tif;png;wav;mfcribbon-ms</Extensions>
    </Filter>
    <Filter Include="Debugging">
      <UniqueIdentifier>{5bf7be5d-2382-4794-84f2-b177c0f9d34e}</UniqueIdentifier>
    </Filter>
    <Filter Include="Helpers">
      <UniqueIdentifier>{815527e2-2745-4635-a956-7c6ca3119143}</UniqueIdentifier>
    </Filter>
  </ItemGroup>
  <ItemGroup>
    <ClInclude Include="RenderComponent.h">
      <Filter>Components</Filter>
    </ClInclude>
    <ClInclude Include="FPSComponent.h">
      <Filter>Components</Filter>
    </ClInclude>
    <ClInclude Include="TextComponent.h">
      <Filter>Components</Filter>
    </ClInclude>
    <ClInclude Include="Font.h">
      <Filter>Content</Filter>
    </ClInclude>
    <ClInclude Include="Scene.h">
      <Filter>Content</Filter>
    </ClInclude>
    <ClInclude Include="BaseComponent.h">
      <Filter>Components</Filter>
    </ClInclude>
    <ClInclude Include="TextObject.h">
      <Filter>Content</Filter>
    </ClInclude>
    <ClInclude Include="Texture2D.h">
      <Filter>Content</Filter>
    </ClInclude>
    <ClInclude Include="ResourceManager.h">
      <Filter>Managers</Filter>
    </ClInclude>
    <ClInclude Include="SceneManager.h">
      <Filter>Managers</Filter>
    </ClInclude>
    <ClInclude Include="Singleton.h">
      <Filter>Managers</Filter>
    </ClInclude>
    <ClInclude Include="TransformComponent.h">
      <Filter>Components</Filter>
    </ClInclude>
    <ClInclude Include="MiniginPCH.h">
      <Filter>Main</Filter>
    </ClInclude>
    <ClInclude Include="Minigin.h">
      <Filter>Main</Filter>
    </ClInclude>
    <ClInclude Include="RigidbodyComponent.h">
      <Filter>Components</Filter>
    </ClInclude>
    <ClInclude Include="SpriteComponent.h">
      <Filter>Components</Filter>
    </ClInclude>
    <ClInclude Include="BoxColliderComponent.h">
      <Filter>Components\ColliderComponents</Filter>
    </ClInclude>
    <ClInclude Include="CircleColliderComponent.h">
      <Filter>Components\ColliderComponents</Filter>
    </ClInclude>
    <ClInclude Include="ColliderComponent.h">
      <Filter>Components\ColliderComponents</Filter>
    </ClInclude>
    <ClInclude Include="PhysicsMaterial2D.h">
      <Filter>Content</Filter>
    </ClInclude>
    <ClInclude Include="PlatformColliderComponent.h">
      <Filter>Components\ColliderComponents</Filter>
    </ClInclude>
    <ClInclude Include="Command.h">
      <Filter>Content\Input</Filter>
    </ClInclude>
    <ClInclude Include="InputManager.h">
      <Filter>Content\Input</Filter>
    </ClInclude>
    <ClInclude Include="imconfig.h">
      <Filter>Imgui</Filter>
    </ClInclude>
    <ClInclude Include="imgui.h">
      <Filter>Imgui</Filter>
    </ClInclude>
    <ClInclude Include="imgui_internal.h">
      <Filter>Imgui</Filter>
    </ClInclude>
    <ClInclude Include="imgui_sdl.h">
      <Filter>Imgui</Filter>
    </ClInclude>
    <ClInclude Include="imstb_rectpack.h">
      <Filter>Imgui</Filter>
    </ClInclude>
    <ClInclude Include="imstb_textedit.h">
      <Filter>Imgui</Filter>
    </ClInclude>
    <ClInclude Include="imstb_truetype.h">
      <Filter>Imgui</Filter>
    </ClInclude>
    <ClInclude Include="targetver.h">
      <Filter>Main</Filter>
    </ClInclude>
    <ClInclude Include="Renderer.h">
      <Filter>Managers</Filter>
    </ClInclude>
    <ClInclude Include="GameObject.h">
      <Filter>Content</Filter>
    </ClInclude>
    <ClInclude Include="SoundManager.h">
      <Filter>Managers</Filter>
    </ClInclude>
    <ClInclude Include="DebugRenderer.h">
      <Filter>Debugging</Filter>
    </ClInclude>
    <ClInclude Include="Debug.h">
      <Filter>Debugging</Filter>
    </ClInclude>
    <ClInclude Include="Structs.h">
      <Filter>Helpers</Filter>
    </ClInclude>
    <ClInclude Include="ControllerComponent.h">
      <Filter>Components</Filter>
    </ClInclude>
    <ClInclude Include="Components.h">
      <Filter>Components</Filter>
    </ClInclude>
    <ClInclude Include="ServiceLocator.h">
      <Filter>Managers</Filter>
    </ClInclude>
    <ClInclude Include="Time.h">
      <Filter>Content</Filter>
    </ClInclude>
    <ClInclude Include="Timer.h">
      <Filter>Content</Filter>
    </ClInclude>
    <ClInclude Include="AnimationClip.h">
      <Filter>Managers</Filter>
    </ClInclude>
    <ClInclude Include="Animator.h">
      <Filter>Managers</Filter>
    </ClInclude>
    <ClInclude Include="BaseGame.h">
      <Filter>Main</Filter>
    </ClInclude>
    <ClInclude Include="GeneralStructs.h">
      <Filter>Managers</Filter>
    </ClInclude>
  </ItemGroup>
  <ItemGroup>
    <ClCompile Include="RenderComponent.cpp">
      <Filter>Components</Filter>
    </ClCompile>
    <ClCompile Include="FPSComponent.cpp">
      <Filter>Components</Filter>
    </ClCompile>
    <ClCompile Include="TextComponent.cpp">
      <Filter>Components</Filter>
    </ClCompile>
    <ClCompile Include="BaseComponent.cpp">
      <Filter>Components</Filter>
    </ClCompile>
    <ClCompile Include="Font.cpp">
      <Filter>Content</Filter>
    </ClCompile>
    <ClCompile Include="Scene.cpp">
      <Filter>Content</Filter>
    </ClCompile>
    <ClCompile Include="Texture2D.cpp">
      <Filter>Content</Filter>
    </ClCompile>
    <ClCompile Include="TextObject.cpp">
      <Filter>Content</Filter>
    </ClCompile>
    <ClCompile Include="Minigin.cpp">
      <Filter>Main</Filter>
    </ClCompile>
    <ClCompile Include="MiniginPCH.cpp">
      <Filter>Main</Filter>
    </ClCompile>
    <ClCompile Include="ResourceManager.cpp">
      <Filter>Managers</Filter>
    </ClCompile>
    <ClCompile Include="SceneManager.cpp">
      <Filter>Managers</Filter>
    </ClCompile>
    <ClCompile Include="Time.cpp">
      <Filter>Managers</Filter>
    </ClCompile>
    <ClCompile Include="TransformComponent.cpp">
      <Filter>Components</Filter>
    </ClCompile>
    <ClCompile Include="RigidbodyComponent.cpp">
      <Filter>Components</Filter>
    </ClCompile>
    <ClCompile Include="SpriteComponent.cpp">
      <Filter>Components</Filter>
    </ClCompile>
    <ClCompile Include="BoxColliderComponent.cpp">
      <Filter>Components\ColliderComponents</Filter>
    </ClCompile>
    <ClCompile Include="CircleColliderComponent.cpp">
      <Filter>Components\ColliderComponents</Filter>
    </ClCompile>
    <ClCompile Include="ColliderComponent.cpp">
      <Filter>Components\ColliderComponents</Filter>
    </ClCompile>
    <ClCompile Include="PlatformColliderComponent.cpp">
      <Filter>Components\ColliderComponents</Filter>
    </ClCompile>
    <ClCompile Include="Command.cpp">
      <Filter>Content\Input</Filter>
    </ClCompile>
    <ClCompile Include="InputManager.cpp">
      <Filter>Content\Input</Filter>
    </ClCompile>
    <ClCompile Include="imgui_widgets.cpp">
      <Filter>Imgui</Filter>
    </ClCompile>
    <ClCompile Include="imgui.cpp">
      <Filter>Imgui</Filter>
    </ClCompile>
    <ClCompile Include="imgui_demo.cpp">
      <Filter>Imgui</Filter>
    </ClCompile>
    <ClCompile Include="imgui_draw.cpp">
      <Filter>Imgui</Filter>
    </ClCompile>
    <ClCompile Include="imgui_sdl.cpp">
      <Filter>Imgui</Filter>
    </ClCompile>
    <ClCompile Include="Renderer.cpp">
      <Filter>Managers</Filter>
    </ClCompile>
    <ClCompile Include="GameObject.cpp">
      <Filter>Content</Filter>
    </ClCompile>
    <ClCompile Include="SoundManager.cpp">
      <Filter>Managers</Filter>
    </ClCompile>
    <ClCompile Include="DebugRenderer.cpp">
      <Filter>Debugging</Filter>
    </ClCompile>
    <ClCompile Include="Debug.cpp">
      <Filter>Debugging</Filter>
    </ClCompile>
    <ClCompile Include="ControllerComponent.cpp">
      <Filter>Components</Filter>
    </ClCompile>
    <ClCompile Include="ServiceLocator.cpp">
      <Filter>Managers</Filter>
    </ClCompile>
    <ClCompile Include="Timer.cpp">
      <Filter>Main</Filter>
    </ClCompile>
    <ClCompile Include="AnimationClip.cpp">
      <Filter>Main</Filter>
    </ClCompile>
    <ClCompile Include="Animator.cpp">
      <Filter>Main</Filter>
    </ClCompile>
    <ClCompile Include="BaseGame.cpp">
      <Filter>Main</Filter>
    </ClCompile>
  </ItemGroup>
</Project>